
Microsoft Visual Studio Solution File, Format Version 12.00
# Visual Studio Version 17
VisualStudioVersion = 17.9.34902.65
MinimumVisualStudioVersion = 10.0.40219.1
Project("{FAE04EC0-301F-11D3-BF4B-00C04F79EFBC}") = "DomainLayer", "DomainLayer\DomainLayer.csproj", "{7A8F521A-7F34-4A1C-813E-F98A11F7D612}"
EndProject
Project("{FAE04EC0-301F-11D3-BF4B-00C04F79EFBC}") = "ServiceLayer", "ServiceLayer\ServiceLayer.csproj", "{B565F185-B6E8-43F1-95A0-02E4715933B4}"
EndProject
Global
	GlobalSection(SolutionConfigurationPlatforms) = preSolution
		Debug|Any CPU = Debug|Any CPU
		Release|Any CPU = Release|Any CPU
	EndGlobalSection
	GlobalSection(ProjectConfigurationPlatforms) = postSolution
		{7A8F521A-7F34-4A1C-813E-F98A11F7D612}.Debug|Any CPU.ActiveCfg = Debug|Any CPU
		{7A8F521A-7F34-4A1C-813E-F98A11F7D612}.Debug|Any CPU.Build.0 = Debug|Any CPU
		{7A8F521A-7F34-4A1C-813E-F98A11F7D612}.Release|Any CPU.ActiveCfg = Release|Any CPU
		{7A8F521A-7F34-4A1C-813E-F98A11F7D612}.Release|Any CPU.Build.0 = Release|Any CPU
		{B565F185-B6E8-43F1-95A0-02E4715933B4}.Debug|Any CPU.ActiveCfg = Debug|Any CPU
		{B565F185-B6E8-43F1-95A0-02E4715933B4}.Debug|Any CPU.Build.0 = Debug|Any CPU
		{B565F185-B6E8-43F1-95A0-02E4715933B4}.Release|Any CPU.ActiveCfg = Release|Any CPU
		{B565F185-B6E8-43F1-95A0-02E4715933B4}.Release|Any CPU.Build.0 = Release|Any CPU
	EndGlobalSection
	GlobalSection(SolutionProperties) = preSolution
		HideSolutionNode = FALSE
	EndGlobalSection
	GlobalSection(ExtensibilityGlobals) = postSolution
		SolutionGuid = {F95B59EE-5184-4268-A245-2BEA29601042}
	EndGlobalSection
EndGlobal
