
Microsoft Visual Studio Solution File, Format Version 12.00
# Visual Studio Version 17
VisualStudioVersion = 17.9.34902.65
MinimumVisualStudioVersion = 10.0.40219.1
Project("{2150E333-8FDC-42A3-9474-1A3956D46DE8}") = "Solution Items", "Solution Items", "{3F236795-612B-4441-8B44-ECF082440CEE}"
	ProjectSection(SolutionItems) = preProject
		TODO.txt = TODO.txt
	EndProjectSection
EndProject
Project("{FAE04EC0-301F-11D3-BF4B-00C04F79EFBC}") = "PresentationLayer", "PresentationLayer\PresentationLayer.csproj", "{B1421440-8080-4B7B-8E81-2BC9AE961DBD}"
EndProject
Project("{FAE04EC0-301F-11D3-BF4B-00C04F79EFBC}") = "DomainLayer", "DomainLayer\DomainLayer.csproj", "{ED47EB37-C8E5-4329-BFA6-2725751472BD}"
EndProject
Project("{9A19103F-16F7-4668-BE54-9A1E7A4F7556}") = "InfrastructureLayer", "InfrastructureLayer\InfrastructureLayer.csproj", "{1988BAD3-C23C-4018-841D-5D3F1D648148}"
EndProject
Project("{FAE04EC0-301F-11D3-BF4B-00C04F79EFBC}") = "ServiceLayer", "ServiceLayer\ServiceLayer.csproj", "{E399D3D5-9C5A-4F8E-BA6A-A8EB6887A8E8}"
EndProject
Global
	GlobalSection(SolutionConfigurationPlatforms) = preSolution
		Debug|Any CPU = Debug|Any CPU
		Release|Any CPU = Release|Any CPU
	EndGlobalSection
	GlobalSection(ProjectConfigurationPlatforms) = postSolution
		{B1421440-8080-4B7B-8E81-2BC9AE961DBD}.Debug|Any CPU.ActiveCfg = Debug|Any CPU
		{B1421440-8080-4B7B-8E81-2BC9AE961DBD}.Debug|Any CPU.Build.0 = Debug|Any CPU
		{B1421440-8080-4B7B-8E81-2BC9AE961DBD}.Release|Any CPU.ActiveCfg = Release|Any CPU
		{B1421440-8080-4B7B-8E81-2BC9AE961DBD}.Release|Any CPU.Build.0 = Release|Any CPU
		{ED47EB37-C8E5-4329-BFA6-2725751472BD}.Debug|Any CPU.ActiveCfg = Debug|Any CPU
		{ED47EB37-C8E5-4329-BFA6-2725751472BD}.Debug|Any CPU.Build.0 = Debug|Any CPU
		{ED47EB37-C8E5-4329-BFA6-2725751472BD}.Release|Any CPU.ActiveCfg = Release|Any CPU
		{ED47EB37-C8E5-4329-BFA6-2725751472BD}.Release|Any CPU.Build.0 = Release|Any CPU
		{1988BAD3-C23C-4018-841D-5D3F1D648148}.Debug|Any CPU.ActiveCfg = Debug|Any CPU
		{1988BAD3-C23C-4018-841D-5D3F1D648148}.Debug|Any CPU.Build.0 = Debug|Any CPU
		{1988BAD3-C23C-4018-841D-5D3F1D648148}.Release|Any CPU.ActiveCfg = Release|Any CPU
		{1988BAD3-C23C-4018-841D-5D3F1D648148}.Release|Any CPU.Build.0 = Release|Any CPU
		{E399D3D5-9C5A-4F8E-BA6A-A8EB6887A8E8}.Debug|Any CPU.ActiveCfg = Debug|Any CPU
		{E399D3D5-9C5A-4F8E-BA6A-A8EB6887A8E8}.Debug|Any CPU.Build.0 = Debug|Any CPU
		{E399D3D5-9C5A-4F8E-BA6A-A8EB6887A8E8}.Release|Any CPU.ActiveCfg = Release|Any CPU
		{E399D3D5-9C5A-4F8E-BA6A-A8EB6887A8E8}.Release|Any CPU.Build.0 = Release|Any CPU
	EndGlobalSection
	GlobalSection(SolutionProperties) = preSolution
		HideSolutionNode = FALSE
	EndGlobalSection
	GlobalSection(ExtensibilityGlobals) = postSolution
		SolutionGuid = {F95B59EE-5184-4268-A245-2BEA29601042}
	EndGlobalSection
EndGlobal
